
Microsoft Visual Studio Solution File, Format Version 12.00
Project("{FAE04EC0-301F-11D3-BF4B-00C04F79EFBC}") = "Quizinator", "Quizinator\Quizinator.csproj", "{5EE0F469-51B8-4BC7-99CC-B62A00075221}"
EndProject
Project("{FAE04EC0-301F-11D3-BF4B-00C04F79EFBC}") = "QuizinatorTest", "QuizinatorTest\QuizinatorTest.csproj", "{77831D7B-9EA2-4F00-BF53-A53A7B0D627A}"
EndProject
Global
	GlobalSection(SolutionConfigurationPlatforms) = preSolution
		Debug|Any CPU = Debug|Any CPU
		Release|Any CPU = Release|Any CPU
	EndGlobalSection
	GlobalSection(ProjectConfigurationPlatforms) = postSolution
		{5EE0F469-51B8-4BC7-99CC-B62A00075221}.Debug|Any CPU.ActiveCfg = Debug|Any CPU
		{5EE0F469-51B8-4BC7-99CC-B62A00075221}.Debug|Any CPU.Build.0 = Debug|Any CPU
		{5EE0F469-51B8-4BC7-99CC-B62A00075221}.Release|Any CPU.ActiveCfg = Release|Any CPU
		{5EE0F469-51B8-4BC7-99CC-B62A00075221}.Release|Any CPU.Build.0 = Release|Any CPU
		{77831D7B-9EA2-4F00-BF53-A53A7B0D627A}.Debug|Any CPU.ActiveCfg = Debug|Any CPU
		{77831D7B-9EA2-4F00-BF53-A53A7B0D627A}.Debug|Any CPU.Build.0 = Debug|Any CPU
		{77831D7B-9EA2-4F00-BF53-A53A7B0D627A}.Release|Any CPU.ActiveCfg = Release|Any CPU
		{77831D7B-9EA2-4F00-BF53-A53A7B0D627A}.Release|Any CPU.Build.0 = Release|Any CPU
	EndGlobalSection
EndGlobal
